
Microsoft Visual Studio Solution File, Format Version 12.00
# Visual Studio Express 2012 for Windows Desktop
Project("{8BC9CEB8-8B4A-11D0-8D11-00A0C91BC942}") = "NokiaVaros", "NokiaVaros\NokiaVaros.vcxproj", "{93183971-D239-4854-BCA3-B5ADDFC8B9BD}"
EndProject
Global
	GlobalSection(SolutionConfigurationPlatforms) = preSolution
		Debug|Win32 = Debug|Win32
		Release|Win32 = Release|Win32
	EndGlobalSection
	GlobalSection(ProjectConfigurationPlatforms) = postSolution
		{93183971-D239-4854-BCA3-B5ADDFC8B9BD}.Debug|Win32.ActiveCfg = Debug|Win32
		{93183971-D239-4854-BCA3-B5ADDFC8B9BD}.Debug|Win32.Build.0 = Debug|Win32
		{93183971-D239-4854-BCA3-B5ADDFC8B9BD}.Release|Win32.ActiveCfg = Release|Win32
		{93183971-D239-4854-BCA3-B5ADDFC8B9BD}.Release|Win32.Build.0 = Release|Win32
	EndGlobalSection
	GlobalSection(SolutionProperties) = preSolution
		HideSolutionNode = FALSE
	EndGlobalSection
EndGlobal
